
Microsoft Visual Studio Solution File, Format Version 12.00
# Visual Studio 14
VisualStudioVersion = 14.0.25420.1
MinimumVisualStudioVersion = 10.0.40219.1
Project("{FAE04EC0-301F-11D3-BF4B-00C04F79EFBC}") = "Dunfanaghy", "Dunfanaghy\Dunfanaghy\Dunfanaghy.csproj", "{47248AA0-2BF3-4DAB-AE90-BAEE0077AC9B}"
EndProject
Project("{FAE04EC0-301F-11D3-BF4B-00C04F79EFBC}") = "Dunfanaghy.Droid", "Dunfanaghy\Dunfanaghy.Droid\Dunfanaghy.Droid.csproj", "{90EBAAEC-A590-413B-B8EB-AF8703AD1229}"
EndProject
Project("{FAE04EC0-301F-11D3-BF4B-00C04F79EFBC}") = "Dunfanaghy.iOS", "Dunfanaghy\Dunfanaghy.iOS\Dunfanaghy.iOS.csproj", "{5479E0E3-B3C0-4FC8-AC41-BB53AC7FB91B}"
EndProject
Project("{FAE04EC0-301F-11D3-BF4B-00C04F79EFBC}") = "Dunfanaghy.WinPhone", "Dunfanaghy\Dunfanaghy.WinPhone\Dunfanaghy.WinPhone.csproj", "{D60CA9FE-C649-495E-8D19-5C8338AC0EEE}"
EndProject
Project("{FAE04EC0-301F-11D3-BF4B-00C04F79EFBC}") = "Dunfanaghy.UWP", "Dunfanaghy\Dunfanaghy.UWP\Dunfanaghy.UWP.csproj", "{AF4D40EC-DC60-4636-A142-6B679F1881D9}"
EndProject
Project("{FAE04EC0-301F-11D3-BF4B-00C04F79EFBC}") = "Dunfanaghy.Windows", "Dunfanaghy\Dunfanaghy.Windows\Dunfanaghy.Windows.csproj", "{BA0E784A-9038-4DC7-882B-DBC6B210E51C}"
EndProject
Global
	GlobalSection(SolutionConfigurationPlatforms) = preSolution
		Ad-Hoc|Any CPU = Ad-Hoc|Any CPU
		Ad-Hoc|ARM = Ad-Hoc|ARM
		Ad-Hoc|iPhone = Ad-Hoc|iPhone
		Ad-Hoc|iPhoneSimulator = Ad-Hoc|iPhoneSimulator
		Ad-Hoc|x64 = Ad-Hoc|x64
		Ad-Hoc|x86 = Ad-Hoc|x86
		AppStore|Any CPU = AppStore|Any CPU
		AppStore|ARM = AppStore|ARM
		AppStore|iPhone = AppStore|iPhone
		AppStore|iPhoneSimulator = AppStore|iPhoneSimulator
		AppStore|x64 = AppStore|x64
		AppStore|x86 = AppStore|x86
		Debug|Any CPU = Debug|Any CPU
		Debug|ARM = Debug|ARM
		Debug|iPhone = Debug|iPhone
		Debug|iPhoneSimulator = Debug|iPhoneSimulator
		Debug|x64 = Debug|x64
		Debug|x86 = Debug|x86
		Release|Any CPU = Release|Any CPU
		Release|ARM = Release|ARM
		Release|iPhone = Release|iPhone
		Release|iPhoneSimulator = Release|iPhoneSimulator
		Release|x64 = Release|x64
		Release|x86 = Release|x86
	EndGlobalSection
	GlobalSection(ProjectConfigurationPlatforms) = postSolution
		{47248AA0-2BF3-4DAB-AE90-BAEE0077AC9B}.Ad-Hoc|Any CPU.ActiveCfg = Release|Any CPU
		{47248AA0-2BF3-4DAB-AE90-BAEE0077AC9B}.Ad-Hoc|Any CPU.Build.0 = Release|Any CPU
		{47248AA0-2BF3-4DAB-AE90-BAEE0077AC9B}.Ad-Hoc|ARM.ActiveCfg = Release|Any CPU
		{47248AA0-2BF3-4DAB-AE90-BAEE0077AC9B}.Ad-Hoc|ARM.Build.0 = Release|Any CPU
		{47248AA0-2BF3-4DAB-AE90-BAEE0077AC9B}.Ad-Hoc|iPhone.ActiveCfg = Release|Any CPU
		{47248AA0-2BF3-4DAB-AE90-BAEE0077AC9B}.Ad-Hoc|iPhone.Build.0 = Release|Any CPU
		{47248AA0-2BF3-4DAB-AE90-BAEE0077AC9B}.Ad-Hoc|iPhoneSimulator.ActiveCfg = Release|Any CPU
		{47248AA0-2BF3-4DAB-AE90-BAEE0077AC9B}.Ad-Hoc|iPhoneSimulator.Build.0 = Release|Any CPU
		{47248AA0-2BF3-4DAB-AE90-BAEE0077AC9B}.Ad-Hoc|x64.ActiveCfg = Release|Any CPU
		{47248AA0-2BF3-4DAB-AE90-BAEE0077AC9B}.Ad-Hoc|x64.Build.0 = Release|Any CPU
		{47248AA0-2BF3-4DAB-AE90-BAEE0077AC9B}.Ad-Hoc|x86.ActiveCfg = Release|Any CPU
		{47248AA0-2BF3-4DAB-AE90-BAEE0077AC9B}.Ad-Hoc|x86.Build.0 = Release|Any CPU
		{47248AA0-2BF3-4DAB-AE90-BAEE0077AC9B}.AppStore|Any CPU.ActiveCfg = Release|Any CPU
		{47248AA0-2BF3-4DAB-AE90-BAEE0077AC9B}.AppStore|Any CPU.Build.0 = Release|Any CPU
		{47248AA0-2BF3-4DAB-AE90-BAEE0077AC9B}.AppStore|ARM.ActiveCfg = Release|Any CPU
		{47248AA0-2BF3-4DAB-AE90-BAEE0077AC9B}.AppStore|ARM.Build.0 = Release|Any CPU
		{47248AA0-2BF3-4DAB-AE90-BAEE0077AC9B}.AppStore|iPhone.ActiveCfg = Release|Any CPU
		{47248AA0-2BF3-4DAB-AE90-BAEE0077AC9B}.AppStore|iPhone.Build.0 = Release|Any CPU
		{47248AA0-2BF3-4DAB-AE90-BAEE0077AC9B}.AppStore|iPhoneSimulator.ActiveCfg = Release|Any CPU
		{47248AA0-2BF3-4DAB-AE90-BAEE0077AC9B}.AppStore|iPhoneSimulator.Build.0 = Release|Any CPU
		{47248AA0-2BF3-4DAB-AE90-BAEE0077AC9B}.AppStore|x64.ActiveCfg = Release|Any CPU
		{47248AA0-2BF3-4DAB-AE90-BAEE0077AC9B}.AppStore|x64.Build.0 = Release|Any CPU
		{47248AA0-2BF3-4DAB-AE90-BAEE0077AC9B}.AppStore|x86.ActiveCfg = Release|Any CPU
		{47248AA0-2BF3-4DAB-AE90-BAEE0077AC9B}.AppStore|x86.Build.0 = Release|Any CPU
		{47248AA0-2BF3-4DAB-AE90-BAEE0077AC9B}.Debug|Any CPU.ActiveCfg = Debug|Any CPU
		{47248AA0-2BF3-4DAB-AE90-BAEE0077AC9B}.Debug|Any CPU.Build.0 = Debug|Any CPU
		{47248AA0-2BF3-4DAB-AE90-BAEE0077AC9B}.Debug|ARM.ActiveCfg = Debug|Any CPU
		{47248AA0-2BF3-4DAB-AE90-BAEE0077AC9B}.Debug|ARM.Build.0 = Debug|Any CPU
		{47248AA0-2BF3-4DAB-AE90-BAEE0077AC9B}.Debug|iPhone.ActiveCfg = Debug|Any CPU
		{47248AA0-2BF3-4DAB-AE90-BAEE0077AC9B}.Debug|iPhone.Build.0 = Debug|Any CPU
		{47248AA0-2BF3-4DAB-AE90-BAEE0077AC9B}.Debug|iPhoneSimulator.ActiveCfg = Debug|Any CPU
		{47248AA0-2BF3-4DAB-AE90-BAEE0077AC9B}.Debug|iPhoneSimulator.Build.0 = Debug|Any CPU
		{47248AA0-2BF3-4DAB-AE90-BAEE0077AC9B}.Debug|x64.ActiveCfg = Debug|Any CPU
		{47248AA0-2BF3-4DAB-AE90-BAEE0077AC9B}.Debug|x64.Build.0 = Debug|Any CPU
		{47248AA0-2BF3-4DAB-AE90-BAEE0077AC9B}.Debug|x86.ActiveCfg = Debug|Any CPU
		{47248AA0-2BF3-4DAB-AE90-BAEE0077AC9B}.Debug|x86.Build.0 = Debug|Any CPU
		{47248AA0-2BF3-4DAB-AE90-BAEE0077AC9B}.Release|Any CPU.ActiveCfg = Release|Any CPU
		{47248AA0-2BF3-4DAB-AE90-BAEE0077AC9B}.Release|Any CPU.Build.0 = Release|Any CPU
		{47248AA0-2BF3-4DAB-AE90-BAEE0077AC9B}.Release|ARM.ActiveCfg = Release|Any CPU
		{47248AA0-2BF3-4DAB-AE90-BAEE0077AC9B}.Release|ARM.Build.0 = Release|Any CPU
		{47248AA0-2BF3-4DAB-AE90-BAEE0077AC9B}.Release|iPhone.ActiveCfg = Release|Any CPU
		{47248AA0-2BF3-4DAB-AE90-BAEE0077AC9B}.Release|iPhone.Build.0 = Release|Any CPU
		{47248AA0-2BF3-4DAB-AE90-BAEE0077AC9B}.Release|iPhoneSimulator.ActiveCfg = Release|Any CPU
		{47248AA0-2BF3-4DAB-AE90-BAEE0077AC9B}.Release|iPhoneSimulator.Build.0 = Release|Any CPU
		{47248AA0-2BF3-4DAB-AE90-BAEE0077AC9B}.Release|x64.ActiveCfg = Release|Any CPU
		{47248AA0-2BF3-4DAB-AE90-BAEE0077AC9B}.Release|x64.Build.0 = Release|Any CPU
		{47248AA0-2BF3-4DAB-AE90-BAEE0077AC9B}.Release|x86.ActiveCfg = Release|Any CPU
		{47248AA0-2BF3-4DAB-AE90-BAEE0077AC9B}.Release|x86.Build.0 = Release|Any CPU
		{90EBAAEC-A590-413B-B8EB-AF8703AD1229}.Ad-Hoc|Any CPU.ActiveCfg = Release|Any CPU
		{90EBAAEC-A590-413B-B8EB-AF8703AD1229}.Ad-Hoc|Any CPU.Build.0 = Release|Any CPU
		{90EBAAEC-A590-413B-B8EB-AF8703AD1229}.Ad-Hoc|Any CPU.Deploy.0 = Release|Any CPU
		{90EBAAEC-A590-413B-B8EB-AF8703AD1229}.Ad-Hoc|ARM.ActiveCfg = Release|Any CPU
		{90EBAAEC-A590-413B-B8EB-AF8703AD1229}.Ad-Hoc|ARM.Build.0 = Release|Any CPU
		{90EBAAEC-A590-413B-B8EB-AF8703AD1229}.Ad-Hoc|ARM.Deploy.0 = Release|Any CPU
		{90EBAAEC-A590-413B-B8EB-AF8703AD1229}.Ad-Hoc|iPhone.ActiveCfg = Release|Any CPU
		{90EBAAEC-A590-413B-B8EB-AF8703AD1229}.Ad-Hoc|iPhone.Build.0 = Release|Any CPU
		{90EBAAEC-A590-413B-B8EB-AF8703AD1229}.Ad-Hoc|iPhone.Deploy.0 = Release|Any CPU
		{90EBAAEC-A590-413B-B8EB-AF8703AD1229}.Ad-Hoc|iPhoneSimulator.ActiveCfg = Release|Any CPU
		{90EBAAEC-A590-413B-B8EB-AF8703AD1229}.Ad-Hoc|iPhoneSimulator.Build.0 = Release|Any CPU
		{90EBAAEC-A590-413B-B8EB-AF8703AD1229}.Ad-Hoc|iPhoneSimulator.Deploy.0 = Release|Any CPU
		{90EBAAEC-A590-413B-B8EB-AF8703AD1229}.Ad-Hoc|x64.ActiveCfg = Release|Any CPU
		{90EBAAEC-A590-413B-B8EB-AF8703AD1229}.Ad-Hoc|x64.Build.0 = Release|Any CPU
		{90EBAAEC-A590-413B-B8EB-AF8703AD1229}.Ad-Hoc|x64.Deploy.0 = Release|Any CPU
		{90EBAAEC-A590-413B-B8EB-AF8703AD1229}.Ad-Hoc|x86.ActiveCfg = Release|Any CPU
		{90EBAAEC-A590-413B-B8EB-AF8703AD1229}.Ad-Hoc|x86.Build.0 = Release|Any CPU
		{90EBAAEC-A590-413B-B8EB-AF8703AD1229}.Ad-Hoc|x86.Deploy.0 = Release|Any CPU
		{90EBAAEC-A590-413B-B8EB-AF8703AD1229}.AppStore|Any CPU.ActiveCfg = Release|Any CPU
		{90EBAAEC-A590-413B-B8EB-AF8703AD1229}.AppStore|Any CPU.Build.0 = Release|Any CPU
		{90EBAAEC-A590-413B-B8EB-AF8703AD1229}.AppStore|Any CPU.Deploy.0 = Release|Any CPU
		{90EBAAEC-A590-413B-B8EB-AF8703AD1229}.AppStore|ARM.ActiveCfg = Release|Any CPU
		{90EBAAEC-A590-413B-B8EB-AF8703AD1229}.AppStore|ARM.Build.0 = Release|Any CPU
		{90EBAAEC-A590-413B-B8EB-AF8703AD1229}.AppStore|ARM.Deploy.0 = Release|Any CPU
		{90EBAAEC-A590-413B-B8EB-AF8703AD1229}.AppStore|iPhone.ActiveCfg = Release|Any CPU
		{90EBAAEC-A590-413B-B8EB-AF8703AD1229}.AppStore|iPhone.Build.0 = Release|Any CPU
		{90EBAAEC-A590-413B-B8EB-AF8703AD1229}.AppStore|iPhone.Deploy.0 = Release|Any CPU
		{90EBAAEC-A590-413B-B8EB-AF8703AD1229}.AppStore|iPhoneSimulator.ActiveCfg = Release|Any CPU
		{90EBAAEC-A590-413B-B8EB-AF8703AD1229}.AppStore|iPhoneSimulator.Build.0 = Release|Any CPU
		{90EBAAEC-A590-413B-B8EB-AF8703AD1229}.AppStore|iPhoneSimulator.Deploy.0 = Release|Any CPU
		{90EBAAEC-A590-413B-B8EB-AF8703AD1229}.AppStore|x64.ActiveCfg = Release|Any CPU
		{90EBAAEC-A590-413B-B8EB-AF8703AD1229}.AppStore|x64.Build.0 = Release|Any CPU
		{90EBAAEC-A590-413B-B8EB-AF8703AD1229}.AppStore|x64.Deploy.0 = Release|Any CPU
		{90EBAAEC-A590-413B-B8EB-AF8703AD1229}.AppStore|x86.ActiveCfg = Release|Any CPU
		{90EBAAEC-A590-413B-B8EB-AF8703AD1229}.AppStore|x86.Build.0 = Release|Any CPU
		{90EBAAEC-A590-413B-B8EB-AF8703AD1229}.AppStore|x86.Deploy.0 = Release|Any CPU
		{90EBAAEC-A590-413B-B8EB-AF8703AD1229}.Debug|Any CPU.ActiveCfg = Debug|Any CPU
		{90EBAAEC-A590-413B-B8EB-AF8703AD1229}.Debug|Any CPU.Build.0 = Debug|Any CPU
		{90EBAAEC-A590-413B-B8EB-AF8703AD1229}.Debug|Any CPU.Deploy.0 = Debug|Any CPU
		{90EBAAEC-A590-413B-B8EB-AF8703AD1229}.Debug|ARM.ActiveCfg = Debug|Any CPU
		{90EBAAEC-A590-413B-B8EB-AF8703AD1229}.Debug|ARM.Build.0 = Debug|Any CPU
		{90EBAAEC-A590-413B-B8EB-AF8703AD1229}.Debug|ARM.Deploy.0 = Debug|Any CPU
		{90EBAAEC-A590-413B-B8EB-AF8703AD1229}.Debug|iPhone.ActiveCfg = Debug|Any CPU
		{90EBAAEC-A590-413B-B8EB-AF8703AD1229}.Debug|iPhone.Build.0 = Debug|Any CPU
		{90EBAAEC-A590-413B-B8EB-AF8703AD1229}.Debug|iPhone.Deploy.0 = Debug|Any CPU
		{90EBAAEC-A590-413B-B8EB-AF8703AD1229}.Debug|iPhoneSimulator.ActiveCfg = Debug|Any CPU
		{90EBAAEC-A590-413B-B8EB-AF8703AD1229}.Debug|iPhoneSimulator.Build.0 = Debug|Any CPU
		{90EBAAEC-A590-413B-B8EB-AF8703AD1229}.Debug|iPhoneSimulator.Deploy.0 = Debug|Any CPU
		{90EBAAEC-A590-413B-B8EB-AF8703AD1229}.Debug|x64.ActiveCfg = Debug|Any CPU
		{90EBAAEC-A590-413B-B8EB-AF8703AD1229}.Debug|x64.Build.0 = Debug|Any CPU
		{90EBAAEC-A590-413B-B8EB-AF8703AD1229}.Debug|x64.Deploy.0 = Debug|Any CPU
		{90EBAAEC-A590-413B-B8EB-AF8703AD1229}.Debug|x86.ActiveCfg = Debug|Any CPU
		{90EBAAEC-A590-413B-B8EB-AF8703AD1229}.Debug|x86.Build.0 = Debug|Any CPU
		{90EBAAEC-A590-413B-B8EB-AF8703AD1229}.Debug|x86.Deploy.0 = Debug|Any CPU
		{90EBAAEC-A590-413B-B8EB-AF8703AD1229}.Release|Any CPU.ActiveCfg = Release|Any CPU
		{90EBAAEC-A590-413B-B8EB-AF8703AD1229}.Release|Any CPU.Build.0 = Release|Any CPU
		{90EBAAEC-A590-413B-B8EB-AF8703AD1229}.Release|Any CPU.Deploy.0 = Release|Any CPU
		{90EBAAEC-A590-413B-B8EB-AF8703AD1229}.Release|ARM.ActiveCfg = Release|Any CPU
		{90EBAAEC-A590-413B-B8EB-AF8703AD1229}.Release|ARM.Build.0 = Release|Any CPU
		{90EBAAEC-A590-413B-B8EB-AF8703AD1229}.Release|ARM.Deploy.0 = Release|Any CPU
		{90EBAAEC-A590-413B-B8EB-AF8703AD1229}.Release|iPhone.ActiveCfg = Release|Any CPU
		{90EBAAEC-A590-413B-B8EB-AF8703AD1229}.Release|iPhone.Build.0 = Release|Any CPU
		{90EBAAEC-A590-413B-B8EB-AF8703AD1229}.Release|iPhone.Deploy.0 = Release|Any CPU
		{90EBAAEC-A590-413B-B8EB-AF8703AD1229}.Release|iPhoneSimulator.ActiveCfg = Release|Any CPU
		{90EBAAEC-A590-413B-B8EB-AF8703AD1229}.Release|iPhoneSimulator.Build.0 = Release|Any CPU
		{90EBAAEC-A590-413B-B8EB-AF8703AD1229}.Release|iPhoneSimulator.Deploy.0 = Release|Any CPU
		{90EBAAEC-A590-413B-B8EB-AF8703AD1229}.Release|x64.ActiveCfg = Release|Any CPU
		{90EBAAEC-A590-413B-B8EB-AF8703AD1229}.Release|x64.Build.0 = Release|Any CPU
		{90EBAAEC-A590-413B-B8EB-AF8703AD1229}.Release|x64.Deploy.0 = Release|Any CPU
		{90EBAAEC-A590-413B-B8EB-AF8703AD1229}.Release|x86.ActiveCfg = Release|Any CPU
		{90EBAAEC-A590-413B-B8EB-AF8703AD1229}.Release|x86.Build.0 = Release|Any CPU
		{90EBAAEC-A590-413B-B8EB-AF8703AD1229}.Release|x86.Deploy.0 = Release|Any CPU
		{5479E0E3-B3C0-4FC8-AC41-BB53AC7FB91B}.Ad-Hoc|Any CPU.ActiveCfg = Ad-Hoc|iPhone
		{5479E0E3-B3C0-4FC8-AC41-BB53AC7FB91B}.Ad-Hoc|ARM.ActiveCfg = Ad-Hoc|iPhone
		{5479E0E3-B3C0-4FC8-AC41-BB53AC7FB91B}.Ad-Hoc|iPhone.ActiveCfg = Ad-Hoc|iPhone
		{5479E0E3-B3C0-4FC8-AC41-BB53AC7FB91B}.Ad-Hoc|iPhone.Build.0 = Ad-Hoc|iPhone
		{5479E0E3-B3C0-4FC8-AC41-BB53AC7FB91B}.Ad-Hoc|iPhoneSimulator.ActiveCfg = Ad-Hoc|iPhoneSimulator
		{5479E0E3-B3C0-4FC8-AC41-BB53AC7FB91B}.Ad-Hoc|iPhoneSimulator.Build.0 = Ad-Hoc|iPhoneSimulator
		{5479E0E3-B3C0-4FC8-AC41-BB53AC7FB91B}.Ad-Hoc|x64.ActiveCfg = Ad-Hoc|iPhone
		{5479E0E3-B3C0-4FC8-AC41-BB53AC7FB91B}.Ad-Hoc|x86.ActiveCfg = Ad-Hoc|iPhone
		{5479E0E3-B3C0-4FC8-AC41-BB53AC7FB91B}.AppStore|Any CPU.ActiveCfg = AppStore|iPhone
		{5479E0E3-B3C0-4FC8-AC41-BB53AC7FB91B}.AppStore|ARM.ActiveCfg = AppStore|iPhone
		{5479E0E3-B3C0-4FC8-AC41-BB53AC7FB91B}.AppStore|iPhone.ActiveCfg = AppStore|iPhone
		{5479E0E3-B3C0-4FC8-AC41-BB53AC7FB91B}.AppStore|iPhone.Build.0 = AppStore|iPhone
		{5479E0E3-B3C0-4FC8-AC41-BB53AC7FB91B}.AppStore|iPhoneSimulator.ActiveCfg = AppStore|iPhoneSimulator
		{5479E0E3-B3C0-4FC8-AC41-BB53AC7FB91B}.AppStore|iPhoneSimulator.Build.0 = AppStore|iPhoneSimulator
		{5479E0E3-B3C0-4FC8-AC41-BB53AC7FB91B}.AppStore|x64.ActiveCfg = AppStore|iPhone
		{5479E0E3-B3C0-4FC8-AC41-BB53AC7FB91B}.AppStore|x86.ActiveCfg = AppStore|iPhone
		{5479E0E3-B3C0-4FC8-AC41-BB53AC7FB91B}.Debug|Any CPU.ActiveCfg = Debug|iPhone
		{5479E0E3-B3C0-4FC8-AC41-BB53AC7FB91B}.Debug|ARM.ActiveCfg = Debug|iPhone
		{5479E0E3-B3C0-4FC8-AC41-BB53AC7FB91B}.Debug|iPhone.ActiveCfg = Debug|iPhone
		{5479E0E3-B3C0-4FC8-AC41-BB53AC7FB91B}.Debug|iPhone.Build.0 = Debug|iPhone
		{5479E0E3-B3C0-4FC8-AC41-BB53AC7FB91B}.Debug|iPhoneSimulator.ActiveCfg = Debug|iPhoneSimulator
		{5479E0E3-B3C0-4FC8-AC41-BB53AC7FB91B}.Debug|iPhoneSimulator.Build.0 = Debug|iPhoneSimulator
		{5479E0E3-B3C0-4FC8-AC41-BB53AC7FB91B}.Debug|x64.ActiveCfg = Debug|iPhone
		{5479E0E3-B3C0-4FC8-AC41-BB53AC7FB91B}.Debug|x86.ActiveCfg = Debug|iPhone
		{5479E0E3-B3C0-4FC8-AC41-BB53AC7FB91B}.Release|Any CPU.ActiveCfg = Release|iPhone
		{5479E0E3-B3C0-4FC8-AC41-BB53AC7FB91B}.Release|ARM.ActiveCfg = Release|iPhone
		{5479E0E3-B3C0-4FC8-AC41-BB53AC7FB91B}.Release|iPhone.ActiveCfg = Release|iPhone
		{5479E0E3-B3C0-4FC8-AC41-BB53AC7FB91B}.Release|iPhone.Build.0 = Release|iPhone
		{5479E0E3-B3C0-4FC8-AC41-BB53AC7FB91B}.Release|iPhoneSimulator.ActiveCfg = Release|iPhoneSimulator
		{5479E0E3-B3C0-4FC8-AC41-BB53AC7FB91B}.Release|iPhoneSimulator.Build.0 = Release|iPhoneSimulator
		{5479E0E3-B3C0-4FC8-AC41-BB53AC7FB91B}.Release|x64.ActiveCfg = Release|iPhone
		{5479E0E3-B3C0-4FC8-AC41-BB53AC7FB91B}.Release|x86.ActiveCfg = Release|iPhone
		{D60CA9FE-C649-495E-8D19-5C8338AC0EEE}.Ad-Hoc|Any CPU.ActiveCfg = Release|Any CPU
		{D60CA9FE-C649-495E-8D19-5C8338AC0EEE}.Ad-Hoc|Any CPU.Build.0 = Release|Any CPU
		{D60CA9FE-C649-495E-8D19-5C8338AC0EEE}.Ad-Hoc|Any CPU.Deploy.0 = Release|Any CPU
		{D60CA9FE-C649-495E-8D19-5C8338AC0EEE}.Ad-Hoc|ARM.ActiveCfg = Release|ARM
		{D60CA9FE-C649-495E-8D19-5C8338AC0EEE}.Ad-Hoc|ARM.Build.0 = Release|ARM
		{D60CA9FE-C649-495E-8D19-5C8338AC0EEE}.Ad-Hoc|ARM.Deploy.0 = Release|ARM
		{D60CA9FE-C649-495E-8D19-5C8338AC0EEE}.Ad-Hoc|iPhone.ActiveCfg = Release|Any CPU
		{D60CA9FE-C649-495E-8D19-5C8338AC0EEE}.Ad-Hoc|iPhone.Build.0 = Release|Any CPU
		{D60CA9FE-C649-495E-8D19-5C8338AC0EEE}.Ad-Hoc|iPhone.Deploy.0 = Release|Any CPU
		{D60CA9FE-C649-495E-8D19-5C8338AC0EEE}.Ad-Hoc|iPhoneSimulator.ActiveCfg = Release|Any CPU
		{D60CA9FE-C649-495E-8D19-5C8338AC0EEE}.Ad-Hoc|iPhoneSimulator.Build.0 = Release|Any CPU
		{D60CA9FE-C649-495E-8D19-5C8338AC0EEE}.Ad-Hoc|iPhoneSimulator.Deploy.0 = Release|Any CPU
		{D60CA9FE-C649-495E-8D19-5C8338AC0EEE}.Ad-Hoc|x64.ActiveCfg = Release|Any CPU
		{D60CA9FE-C649-495E-8D19-5C8338AC0EEE}.Ad-Hoc|x64.Build.0 = Release|Any CPU
		{D60CA9FE-C649-495E-8D19-5C8338AC0EEE}.Ad-Hoc|x64.Deploy.0 = Release|Any CPU
		{D60CA9FE-C649-495E-8D19-5C8338AC0EEE}.Ad-Hoc|x86.ActiveCfg = Release|x86
		{D60CA9FE-C649-495E-8D19-5C8338AC0EEE}.Ad-Hoc|x86.Build.0 = Release|x86
		{D60CA9FE-C649-495E-8D19-5C8338AC0EEE}.Ad-Hoc|x86.Deploy.0 = Release|x86
		{D60CA9FE-C649-495E-8D19-5C8338AC0EEE}.AppStore|Any CPU.ActiveCfg = Release|Any CPU
		{D60CA9FE-C649-495E-8D19-5C8338AC0EEE}.AppStore|Any CPU.Build.0 = Release|Any CPU
		{D60CA9FE-C649-495E-8D19-5C8338AC0EEE}.AppStore|Any CPU.Deploy.0 = Release|Any CPU
		{D60CA9FE-C649-495E-8D19-5C8338AC0EEE}.AppStore|ARM.ActiveCfg = Release|ARM
		{D60CA9FE-C649-495E-8D19-5C8338AC0EEE}.AppStore|ARM.Build.0 = Release|ARM
		{D60CA9FE-C649-495E-8D19-5C8338AC0EEE}.AppStore|ARM.Deploy.0 = Release|ARM
		{D60CA9FE-C649-495E-8D19-5C8338AC0EEE}.AppStore|iPhone.ActiveCfg = Release|Any CPU
		{D60CA9FE-C649-495E-8D19-5C8338AC0EEE}.AppStore|iPhone.Build.0 = Release|Any CPU
		{D60CA9FE-C649-495E-8D19-5C8338AC0EEE}.AppStore|iPhone.Deploy.0 = Release|Any CPU
		{D60CA9FE-C649-495E-8D19-5C8338AC0EEE}.AppStore|iPhoneSimulator.ActiveCfg = Release|Any CPU
		{D60CA9FE-C649-495E-8D19-5C8338AC0EEE}.AppStore|iPhoneSimulator.Build.0 = Release|Any CPU
		{D60CA9FE-C649-495E-8D19-5C8338AC0EEE}.AppStore|iPhoneSimulator.Deploy.0 = Release|Any CPU
		{D60CA9FE-C649-495E-8D19-5C8338AC0EEE}.AppStore|x64.ActiveCfg = Release|Any CPU
		{D60CA9FE-C649-495E-8D19-5C8338AC0EEE}.AppStore|x64.Build.0 = Release|Any CPU
		{D60CA9FE-C649-495E-8D19-5C8338AC0EEE}.AppStore|x64.Deploy.0 = Release|Any CPU
		{D60CA9FE-C649-495E-8D19-5C8338AC0EEE}.AppStore|x86.ActiveCfg = Release|x86
		{D60CA9FE-C649-495E-8D19-5C8338AC0EEE}.AppStore|x86.Build.0 = Release|x86
		{D60CA9FE-C649-495E-8D19-5C8338AC0EEE}.AppStore|x86.Deploy.0 = Release|x86
		{D60CA9FE-C649-495E-8D19-5C8338AC0EEE}.Debug|Any CPU.ActiveCfg = Debug|Any CPU
		{D60CA9FE-C649-495E-8D19-5C8338AC0EEE}.Debug|Any CPU.Build.0 = Debug|Any CPU
		{D60CA9FE-C649-495E-8D19-5C8338AC0EEE}.Debug|Any CPU.Deploy.0 = Debug|Any CPU
		{D60CA9FE-C649-495E-8D19-5C8338AC0EEE}.Debug|ARM.ActiveCfg = Debug|ARM
		{D60CA9FE-C649-495E-8D19-5C8338AC0EEE}.Debug|ARM.Build.0 = Debug|ARM
		{D60CA9FE-C649-495E-8D19-5C8338AC0EEE}.Debug|ARM.Deploy.0 = Debug|ARM
		{D60CA9FE-C649-495E-8D19-5C8338AC0EEE}.Debug|iPhone.ActiveCfg = Debug|Any CPU
		{D60CA9FE-C649-495E-8D19-5C8338AC0EEE}.Debug|iPhone.Build.0 = Debug|Any CPU
		{D60CA9FE-C649-495E-8D19-5C8338AC0EEE}.Debug|iPhone.Deploy.0 = Debug|Any CPU
		{D60CA9FE-C649-495E-8D19-5C8338AC0EEE}.Debug|iPhoneSimulator.ActiveCfg = Debug|Any CPU
		{D60CA9FE-C649-495E-8D19-5C8338AC0EEE}.Debug|iPhoneSimulator.Build.0 = Debug|Any CPU
		{D60CA9FE-C649-495E-8D19-5C8338AC0EEE}.Debug|iPhoneSimulator.Deploy.0 = Debug|Any CPU
		{D60CA9FE-C649-495E-8D19-5C8338AC0EEE}.Debug|x64.ActiveCfg = Debug|Any CPU
		{D60CA9FE-C649-495E-8D19-5C8338AC0EEE}.Debug|x64.Build.0 = Debug|Any CPU
		{D60CA9FE-C649-495E-8D19-5C8338AC0EEE}.Debug|x64.Deploy.0 = Debug|Any CPU
		{D60CA9FE-C649-495E-8D19-5C8338AC0EEE}.Debug|x86.ActiveCfg = Debug|x86
		{D60CA9FE-C649-495E-8D19-5C8338AC0EEE}.Debug|x86.Build.0 = Debug|x86
		{D60CA9FE-C649-495E-8D19-5C8338AC0EEE}.Debug|x86.Deploy.0 = Debug|x86
		{D60CA9FE-C649-495E-8D19-5C8338AC0EEE}.Release|Any CPU.ActiveCfg = Release|Any CPU
		{D60CA9FE-C649-495E-8D19-5C8338AC0EEE}.Release|Any CPU.Build.0 = Release|Any CPU
		{D60CA9FE-C649-495E-8D19-5C8338AC0EEE}.Release|Any CPU.Deploy.0 = Release|Any CPU
		{D60CA9FE-C649-495E-8D19-5C8338AC0EEE}.Release|ARM.ActiveCfg = Release|ARM
		{D60CA9FE-C649-495E-8D19-5C8338AC0EEE}.Release|ARM.Build.0 = Release|ARM
		{D60CA9FE-C649-495E-8D19-5C8338AC0EEE}.Release|ARM.Deploy.0 = Release|ARM
		{D60CA9FE-C649-495E-8D19-5C8338AC0EEE}.Release|iPhone.ActiveCfg = Release|Any CPU
		{D60CA9FE-C649-495E-8D19-5C8338AC0EEE}.Release|iPhone.Build.0 = Release|Any CPU
		{D60CA9FE-C649-495E-8D19-5C8338AC0EEE}.Release|iPhone.Deploy.0 = Release|Any CPU
		{D60CA9FE-C649-495E-8D19-5C8338AC0EEE}.Release|iPhoneSimulator.ActiveCfg = Release|Any CPU
		{D60CA9FE-C649-495E-8D19-5C8338AC0EEE}.Release|iPhoneSimulator.Build.0 = Release|Any CPU
		{D60CA9FE-C649-495E-8D19-5C8338AC0EEE}.Release|iPhoneSimulator.Deploy.0 = Release|Any CPU
		{D60CA9FE-C649-495E-8D19-5C8338AC0EEE}.Release|x64.ActiveCfg = Release|Any CPU
		{D60CA9FE-C649-495E-8D19-5C8338AC0EEE}.Release|x64.Build.0 = Release|Any CPU
		{D60CA9FE-C649-495E-8D19-5C8338AC0EEE}.Release|x64.Deploy.0 = Release|Any CPU
		{D60CA9FE-C649-495E-8D19-5C8338AC0EEE}.Release|x86.ActiveCfg = Release|x86
		{D60CA9FE-C649-495E-8D19-5C8338AC0EEE}.Release|x86.Build.0 = Release|x86
		{D60CA9FE-C649-495E-8D19-5C8338AC0EEE}.Release|x86.Deploy.0 = Release|x86
		{AF4D40EC-DC60-4636-A142-6B679F1881D9}.Ad-Hoc|Any CPU.ActiveCfg = Release|x86
		{AF4D40EC-DC60-4636-A142-6B679F1881D9}.Ad-Hoc|Any CPU.Build.0 = Release|x86
		{AF4D40EC-DC60-4636-A142-6B679F1881D9}.Ad-Hoc|Any CPU.Deploy.0 = Release|x86
		{AF4D40EC-DC60-4636-A142-6B679F1881D9}.Ad-Hoc|ARM.ActiveCfg = Release|ARM
		{AF4D40EC-DC60-4636-A142-6B679F1881D9}.Ad-Hoc|ARM.Build.0 = Release|ARM
		{AF4D40EC-DC60-4636-A142-6B679F1881D9}.Ad-Hoc|ARM.Deploy.0 = Release|ARM
		{AF4D40EC-DC60-4636-A142-6B679F1881D9}.Ad-Hoc|iPhone.ActiveCfg = Release|x86
		{AF4D40EC-DC60-4636-A142-6B679F1881D9}.Ad-Hoc|iPhone.Build.0 = Release|x86
		{AF4D40EC-DC60-4636-A142-6B679F1881D9}.Ad-Hoc|iPhone.Deploy.0 = Release|x86
		{AF4D40EC-DC60-4636-A142-6B679F1881D9}.Ad-Hoc|iPhoneSimulator.ActiveCfg = Release|x86
		{AF4D40EC-DC60-4636-A142-6B679F1881D9}.Ad-Hoc|iPhoneSimulator.Build.0 = Release|x86
		{AF4D40EC-DC60-4636-A142-6B679F1881D9}.Ad-Hoc|iPhoneSimulator.Deploy.0 = Release|x86
		{AF4D40EC-DC60-4636-A142-6B679F1881D9}.Ad-Hoc|x64.ActiveCfg = Release|x64
		{AF4D40EC-DC60-4636-A142-6B679F1881D9}.Ad-Hoc|x64.Build.0 = Release|x64
		{AF4D40EC-DC60-4636-A142-6B679F1881D9}.Ad-Hoc|x64.Deploy.0 = Release|x64
		{AF4D40EC-DC60-4636-A142-6B679F1881D9}.Ad-Hoc|x86.ActiveCfg = Release|x86
		{AF4D40EC-DC60-4636-A142-6B679F1881D9}.Ad-Hoc|x86.Build.0 = Release|x86
		{AF4D40EC-DC60-4636-A142-6B679F1881D9}.Ad-Hoc|x86.Deploy.0 = Release|x86
		{AF4D40EC-DC60-4636-A142-6B679F1881D9}.AppStore|Any CPU.ActiveCfg = Release|x86
		{AF4D40EC-DC60-4636-A142-6B679F1881D9}.AppStore|Any CPU.Build.0 = Release|x86
		{AF4D40EC-DC60-4636-A142-6B679F1881D9}.AppStore|Any CPU.Deploy.0 = Release|x86
		{AF4D40EC-DC60-4636-A142-6B679F1881D9}.AppStore|ARM.ActiveCfg = Release|ARM
		{AF4D40EC-DC60-4636-A142-6B679F1881D9}.AppStore|ARM.Build.0 = Release|ARM
		{AF4D40EC-DC60-4636-A142-6B679F1881D9}.AppStore|ARM.Deploy.0 = Release|ARM
		{AF4D40EC-DC60-4636-A142-6B679F1881D9}.AppStore|iPhone.ActiveCfg = Release|x86
		{AF4D40EC-DC60-4636-A142-6B679F1881D9}.AppStore|iPhone.Build.0 = Release|x86
		{AF4D40EC-DC60-4636-A142-6B679F1881D9}.AppStore|iPhone.Deploy.0 = Release|x86
		{AF4D40EC-DC60-4636-A142-6B679F1881D9}.AppStore|iPhoneSimulator.ActiveCfg = Release|x86
		{AF4D40EC-DC60-4636-A142-6B679F1881D9}.AppStore|iPhoneSimulator.Build.0 = Release|x86
		{AF4D40EC-DC60-4636-A142-6B679F1881D9}.AppStore|iPhoneSimulator.Deploy.0 = Release|x86
		{AF4D40EC-DC60-4636-A142-6B679F1881D9}.AppStore|x64.ActiveCfg = Release|x64
		{AF4D40EC-DC60-4636-A142-6B679F1881D9}.AppStore|x64.Build.0 = Release|x64
		{AF4D40EC-DC60-4636-A142-6B679F1881D9}.AppStore|x64.Deploy.0 = Release|x64
		{AF4D40EC-DC60-4636-A142-6B679F1881D9}.AppStore|x86.ActiveCfg = Release|x86
		{AF4D40EC-DC60-4636-A142-6B679F1881D9}.AppStore|x86.Build.0 = Release|x86
		{AF4D40EC-DC60-4636-A142-6B679F1881D9}.AppStore|x86.Deploy.0 = Release|x86
		{AF4D40EC-DC60-4636-A142-6B679F1881D9}.Debug|Any CPU.ActiveCfg = Debug|x86
		{AF4D40EC-DC60-4636-A142-6B679F1881D9}.Debug|ARM.ActiveCfg = Debug|ARM
		{AF4D40EC-DC60-4636-A142-6B679F1881D9}.Debug|ARM.Build.0 = Debug|ARM
		{AF4D40EC-DC60-4636-A142-6B679F1881D9}.Debug|ARM.Deploy.0 = Debug|ARM
		{AF4D40EC-DC60-4636-A142-6B679F1881D9}.Debug|iPhone.ActiveCfg = Debug|x86
		{AF4D40EC-DC60-4636-A142-6B679F1881D9}.Debug|iPhoneSimulator.ActiveCfg = Debug|x86
		{AF4D40EC-DC60-4636-A142-6B679F1881D9}.Debug|x64.ActiveCfg = Debug|x64
		{AF4D40EC-DC60-4636-A142-6B679F1881D9}.Debug|x64.Build.0 = Debug|x64
		{AF4D40EC-DC60-4636-A142-6B679F1881D9}.Debug|x64.Deploy.0 = Debug|x64
		{AF4D40EC-DC60-4636-A142-6B679F1881D9}.Debug|x86.ActiveCfg = Debug|x86
		{AF4D40EC-DC60-4636-A142-6B679F1881D9}.Debug|x86.Build.0 = Debug|x86
		{AF4D40EC-DC60-4636-A142-6B679F1881D9}.Debug|x86.Deploy.0 = Debug|x86
		{AF4D40EC-DC60-4636-A142-6B679F1881D9}.Release|Any CPU.ActiveCfg = Release|x86
		{AF4D40EC-DC60-4636-A142-6B679F1881D9}.Release|ARM.ActiveCfg = Release|ARM
		{AF4D40EC-DC60-4636-A142-6B679F1881D9}.Release|ARM.Build.0 = Release|ARM
		{AF4D40EC-DC60-4636-A142-6B679F1881D9}.Release|ARM.Deploy.0 = Release|ARM
		{AF4D40EC-DC60-4636-A142-6B679F1881D9}.Release|iPhone.ActiveCfg = Release|x86
		{AF4D40EC-DC60-4636-A142-6B679F1881D9}.Release|iPhoneSimulator.ActiveCfg = Release|x86
		{AF4D40EC-DC60-4636-A142-6B679F1881D9}.Release|x64.ActiveCfg = Release|x64
		{AF4D40EC-DC60-4636-A142-6B679F1881D9}.Release|x64.Build.0 = Release|x64
		{AF4D40EC-DC60-4636-A142-6B679F1881D9}.Release|x64.Deploy.0 = Release|x64
		{AF4D40EC-DC60-4636-A142-6B679F1881D9}.Release|x86.ActiveCfg = Release|x86
		{AF4D40EC-DC60-4636-A142-6B679F1881D9}.Release|x86.Build.0 = Release|x86
		{AF4D40EC-DC60-4636-A142-6B679F1881D9}.Release|x86.Deploy.0 = Release|x86
		{BA0E784A-9038-4DC7-882B-DBC6B210E51C}.Ad-Hoc|Any CPU.ActiveCfg = Release|Any CPU
		{BA0E784A-9038-4DC7-882B-DBC6B210E51C}.Ad-Hoc|Any CPU.Build.0 = Release|Any CPU
		{BA0E784A-9038-4DC7-882B-DBC6B210E51C}.Ad-Hoc|Any CPU.Deploy.0 = Release|Any CPU
		{BA0E784A-9038-4DC7-882B-DBC6B210E51C}.Ad-Hoc|ARM.ActiveCfg = Release|ARM
		{BA0E784A-9038-4DC7-882B-DBC6B210E51C}.Ad-Hoc|ARM.Build.0 = Release|ARM
		{BA0E784A-9038-4DC7-882B-DBC6B210E51C}.Ad-Hoc|ARM.Deploy.0 = Release|ARM
		{BA0E784A-9038-4DC7-882B-DBC6B210E51C}.Ad-Hoc|iPhone.ActiveCfg = Release|Any CPU
		{BA0E784A-9038-4DC7-882B-DBC6B210E51C}.Ad-Hoc|iPhone.Build.0 = Release|Any CPU
		{BA0E784A-9038-4DC7-882B-DBC6B210E51C}.Ad-Hoc|iPhone.Deploy.0 = Release|Any CPU
		{BA0E784A-9038-4DC7-882B-DBC6B210E51C}.Ad-Hoc|iPhoneSimulator.ActiveCfg = Release|Any CPU
		{BA0E784A-9038-4DC7-882B-DBC6B210E51C}.Ad-Hoc|iPhoneSimulator.Build.0 = Release|Any CPU
		{BA0E784A-9038-4DC7-882B-DBC6B210E51C}.Ad-Hoc|iPhoneSimulator.Deploy.0 = Release|Any CPU
		{BA0E784A-9038-4DC7-882B-DBC6B210E51C}.Ad-Hoc|x64.ActiveCfg = Release|x64
		{BA0E784A-9038-4DC7-882B-DBC6B210E51C}.Ad-Hoc|x64.Build.0 = Release|x64
		{BA0E784A-9038-4DC7-882B-DBC6B210E51C}.Ad-Hoc|x64.Deploy.0 = Release|x64
		{BA0E784A-9038-4DC7-882B-DBC6B210E51C}.Ad-Hoc|x86.ActiveCfg = Release|x86
		{BA0E784A-9038-4DC7-882B-DBC6B210E51C}.Ad-Hoc|x86.Build.0 = Release|x86
		{BA0E784A-9038-4DC7-882B-DBC6B210E51C}.Ad-Hoc|x86.Deploy.0 = Release|x86
		{BA0E784A-9038-4DC7-882B-DBC6B210E51C}.AppStore|Any CPU.ActiveCfg = Release|Any CPU
		{BA0E784A-9038-4DC7-882B-DBC6B210E51C}.AppStore|Any CPU.Build.0 = Release|Any CPU
		{BA0E784A-9038-4DC7-882B-DBC6B210E51C}.AppStore|Any CPU.Deploy.0 = Release|Any CPU
		{BA0E784A-9038-4DC7-882B-DBC6B210E51C}.AppStore|ARM.ActiveCfg = Release|ARM
		{BA0E784A-9038-4DC7-882B-DBC6B210E51C}.AppStore|ARM.Build.0 = Release|ARM
		{BA0E784A-9038-4DC7-882B-DBC6B210E51C}.AppStore|ARM.Deploy.0 = Release|ARM
		{BA0E784A-9038-4DC7-882B-DBC6B210E51C}.AppStore|iPhone.ActiveCfg = Release|Any CPU
		{BA0E784A-9038-4DC7-882B-DBC6B210E51C}.AppStore|iPhone.Build.0 = Release|Any CPU
		{BA0E784A-9038-4DC7-882B-DBC6B210E51C}.AppStore|iPhone.Deploy.0 = Release|Any CPU
		{BA0E784A-9038-4DC7-882B-DBC6B210E51C}.AppStore|iPhoneSimulator.ActiveCfg = Release|Any CPU
		{BA0E784A-9038-4DC7-882B-DBC6B210E51C}.AppStore|iPhoneSimulator.Build.0 = Release|Any CPU
		{BA0E784A-9038-4DC7-882B-DBC6B210E51C}.AppStore|iPhoneSimulator.Deploy.0 = Release|Any CPU
		{BA0E784A-9038-4DC7-882B-DBC6B210E51C}.AppStore|x64.ActiveCfg = Release|x64
		{BA0E784A-9038-4DC7-882B-DBC6B210E51C}.AppStore|x64.Build.0 = Release|x64
		{BA0E784A-9038-4DC7-882B-DBC6B210E51C}.AppStore|x64.Deploy.0 = Release|x64
		{BA0E784A-9038-4DC7-882B-DBC6B210E51C}.AppStore|x86.ActiveCfg = Release|x86
		{BA0E784A-9038-4DC7-882B-DBC6B210E51C}.AppStore|x86.Build.0 = Release|x86
		{BA0E784A-9038-4DC7-882B-DBC6B210E51C}.AppStore|x86.Deploy.0 = Release|x86
		{BA0E784A-9038-4DC7-882B-DBC6B210E51C}.Debug|Any CPU.ActiveCfg = Debug|Any CPU
		{BA0E784A-9038-4DC7-882B-DBC6B210E51C}.Debug|Any CPU.Build.0 = Debug|Any CPU
		{BA0E784A-9038-4DC7-882B-DBC6B210E51C}.Debug|Any CPU.Deploy.0 = Debug|Any CPU
		{BA0E784A-9038-4DC7-882B-DBC6B210E51C}.Debug|ARM.ActiveCfg = Debug|ARM
		{BA0E784A-9038-4DC7-882B-DBC6B210E51C}.Debug|ARM.Build.0 = Debug|ARM
		{BA0E784A-9038-4DC7-882B-DBC6B210E51C}.Debug|ARM.Deploy.0 = Debug|ARM
		{BA0E784A-9038-4DC7-882B-DBC6B210E51C}.Debug|iPhone.ActiveCfg = Debug|Any CPU
		{BA0E784A-9038-4DC7-882B-DBC6B210E51C}.Debug|iPhone.Build.0 = Debug|Any CPU
		{BA0E784A-9038-4DC7-882B-DBC6B210E51C}.Debug|iPhone.Deploy.0 = Debug|Any CPU
		{BA0E784A-9038-4DC7-882B-DBC6B210E51C}.Debug|iPhoneSimulator.ActiveCfg = Debug|Any CPU
		{BA0E784A-9038-4DC7-882B-DBC6B210E51C}.Debug|iPhoneSimulator.Build.0 = Debug|Any CPU
		{BA0E784A-9038-4DC7-882B-DBC6B210E51C}.Debug|iPhoneSimulator.Deploy.0 = Debug|Any CPU
		{BA0E784A-9038-4DC7-882B-DBC6B210E51C}.Debug|x64.ActiveCfg = Debug|x64
		{BA0E784A-9038-4DC7-882B-DBC6B210E51C}.Debug|x64.Build.0 = Debug|x64
		{BA0E784A-9038-4DC7-882B-DBC6B210E51C}.Debug|x64.Deploy.0 = Debug|x64
		{BA0E784A-9038-4DC7-882B-DBC6B210E51C}.Debug|x86.ActiveCfg = Debug|x86
		{BA0E784A-9038-4DC7-882B-DBC6B210E51C}.Debug|x86.Build.0 = Debug|x86
		{BA0E784A-9038-4DC7-882B-DBC6B210E51C}.Debug|x86.Deploy.0 = Debug|x86
		{BA0E784A-9038-4DC7-882B-DBC6B210E51C}.Release|Any CPU.ActiveCfg = Release|Any CPU
		{BA0E784A-9038-4DC7-882B-DBC6B210E51C}.Release|Any CPU.Build.0 = Release|Any CPU
		{BA0E784A-9038-4DC7-882B-DBC6B210E51C}.Release|Any CPU.Deploy.0 = Release|Any CPU
		{BA0E784A-9038-4DC7-882B-DBC6B210E51C}.Release|ARM.ActiveCfg = Release|ARM
		{BA0E784A-9038-4DC7-882B-DBC6B210E51C}.Release|ARM.Build.0 = Release|ARM
		{BA0E784A-9038-4DC7-882B-DBC6B210E51C}.Release|ARM.Deploy.0 = Release|ARM
		{BA0E784A-9038-4DC7-882B-DBC6B210E51C}.Release|iPhone.ActiveCfg = Release|Any CPU
		{BA0E784A-9038-4DC7-882B-DBC6B210E51C}.Release|iPhone.Build.0 = Release|Any CPU
		{BA0E784A-9038-4DC7-882B-DBC6B210E51C}.Release|iPhone.Deploy.0 = Release|Any CPU
		{BA0E784A-9038-4DC7-882B-DBC6B210E51C}.Release|iPhoneSimulator.ActiveCfg = Release|Any CPU
		{BA0E784A-9038-4DC7-882B-DBC6B210E51C}.Release|iPhoneSimulator.Build.0 = Release|Any CPU
		{BA0E784A-9038-4DC7-882B-DBC6B210E51C}.Release|iPhoneSimulator.Deploy.0 = Release|Any CPU
		{BA0E784A-9038-4DC7-882B-DBC6B210E51C}.Release|x64.ActiveCfg = Release|x64
		{BA0E784A-9038-4DC7-882B-DBC6B210E51C}.Release|x64.Build.0 = Release|x64
		{BA0E784A-9038-4DC7-882B-DBC6B210E51C}.Release|x64.Deploy.0 = Release|x64
		{BA0E784A-9038-4DC7-882B-DBC6B210E51C}.Release|x86.ActiveCfg = Release|x86
		{BA0E784A-9038-4DC7-882B-DBC6B210E51C}.Release|x86.Build.0 = Release|x86
		{BA0E784A-9038-4DC7-882B-DBC6B210E51C}.Release|x86.Deploy.0 = Release|x86
	EndGlobalSection
	GlobalSection(SolutionProperties) = preSolution
		HideSolutionNode = FALSE
	EndGlobalSection
EndGlobal
